
Microsoft Visual Studio Solution File, Format Version 12.00
# Visual Studio 15
VisualStudioVersion = 15.0.28010.2046
MinimumVisualStudioVersion = 10.0.40219.1
Project("{FAE04EC0-301F-11D3-BF4B-00C04F79EFBC}") = "LaCooperativa", "LaCooperativa\LaCooperativa.csproj", "{07E9DEC6-1E1F-4347-A610-2448C4224DB8}"
EndProject
Global
	GlobalSection(SolutionConfigurationPlatforms) = preSolution
		Debug|Any CPU = Debug|Any CPU
		Release|Any CPU = Release|Any CPU
	EndGlobalSection
	GlobalSection(ProjectConfigurationPlatforms) = postSolution
		{07E9DEC6-1E1F-4347-A610-2448C4224DB8}.Debug|Any CPU.ActiveCfg = Debug|Any CPU
		{07E9DEC6-1E1F-4347-A610-2448C4224DB8}.Debug|Any CPU.Build.0 = Debug|Any CPU
		{07E9DEC6-1E1F-4347-A610-2448C4224DB8}.Release|Any CPU.ActiveCfg = Release|Any CPU
		{07E9DEC6-1E1F-4347-A610-2448C4224DB8}.Release|Any CPU.Build.0 = Release|Any CPU
	EndGlobalSection
	GlobalSection(SolutionProperties) = preSolution
		HideSolutionNode = FALSE
	EndGlobalSection
	GlobalSection(ExtensibilityGlobals) = postSolution
		SolutionGuid = {ED782331-CB32-4317-8449-117CDD2FE129}
	EndGlobalSection
EndGlobal
